
Microsoft Visual Studio Solution File, Format Version 12.00
# Visual Studio 15
VisualStudioVersion = 15.0.27428.2037
MinimumVisualStudioVersion = 10.0.40219.1

Project("{9A19103F-16F7-4668-BE54-9A1E7A4F7556}") = "TestAPI.Authantication.Server", "TestAPI.Authantication.Server\TestAPI.Authantication.Server.csproj", "{EFCC13D3-9D60-4E18-B23A-788D34111C08}"
EndProject
Global
	GlobalSection(SolutionConfigurationPlatforms) = preSolution
		Debug|Any CPU = Debug|Any CPU
		Release|Any CPU = Release|Any CPU
	EndGlobalSection
	GlobalSection(ProjectConfigurationPlatforms) = postSolution
		{1F4FC12F-E665-46ED-81B8-C11FEF9A0297}.Debug|Any CPU.ActiveCfg = Debug|Any CPU
		{1F4FC12F-E665-46ED-81B8-C11FEF9A0297}.Debug|Any CPU.Build.0 = Debug|Any CPU
		{1F4FC12F-E665-46ED-81B8-C11FEF9A0297}.Release|Any CPU.ActiveCfg = Release|Any CPU
		{1F4FC12F-E665-46ED-81B8-C11FEF9A0297}.Release|Any CPU.Build.0 = Release|Any CPU
		{2E8E9EC6-556A-41FC-9EFE-68AF44A9F16B}.Debug|Any CPU.ActiveCfg = Debug|Any CPU
		{2E8E9EC6-556A-41FC-9EFE-68AF44A9F16B}.Debug|Any CPU.Build.0 = Debug|Any CPU
		{2E8E9EC6-556A-41FC-9EFE-68AF44A9F16B}.Release|Any CPU.ActiveCfg = Release|Any CPU
		{2E8E9EC6-556A-41FC-9EFE-68AF44A9F16B}.Release|Any CPU.Build.0 = Release|Any CPU
		{EFCC13D3-9D60-4E18-B23A-788D34111C08}.Debug|Any CPU.ActiveCfg = Debug|Any CPU
		{EFCC13D3-9D60-4E18-B23A-788D34111C08}.Debug|Any CPU.Build.0 = Debug|Any CPU
		{EFCC13D3-9D60-4E18-B23A-788D34111C08}.Release|Any CPU.ActiveCfg = Release|Any CPU
		{EFCC13D3-9D60-4E18-B23A-788D34111C08}.Release|Any CPU.Build.0 = Release|Any CPU
	EndGlobalSection
	GlobalSection(SolutionProperties) = preSolution
		HideSolutionNode = FALSE
	EndGlobalSection
	GlobalSection(ExtensibilityGlobals) = postSolution
		SolutionGuid = {339B8308-64A9-4F4D-AB30-6E4B914F0427}
	EndGlobalSection
EndGlobal
